// !$*UTF8*$!
{
	archiveVersion = 1;
	classes = {
	};
	objectVersion = 46;
	objects = {

/* Begin PBXBuildFile section */
		34BEF6061C5C84B300E7235A /* AppDelegate.swift in Sources */ = {isa = PBXBuildFile; fileRef = 34BEF6051C5C84B300E7235A /* AppDelegate.swift */; };
		34BEF6081C5C84B300E7235A /* CalcVC.swift in Sources */ = {isa = PBXBuildFile; fileRef = 34BEF6071C5C84B300E7235A /* CalcVC.swift */; };
		34BEF60B1C5C84B300E7235A /* Main.storyboard in Resources */ = {isa = PBXBuildFile; fileRef = 34BEF6091C5C84B300E7235A /* Main.storyboard */; };
		34BEF60D1C5C84B300E7235A /* Assets.xcassets in Resources */ = {isa = PBXBuildFile; fileRef = 34BEF60C1C5C84B300E7235A /* Assets.xcassets */; };
		34BEF6101C5C84B300E7235A /* LaunchScreen.storyboard in Resources */ = {isa = PBXBuildFile; fileRef = 34BEF60E1C5C84B300E7235A /* LaunchScreen.storyboard */; };
		34BEF6181C5C8C0500E7235A /* TaxRateVC.swift in Sources */ = {isa = PBXBuildFile; fileRef = 34BEF6171C5C8C0500E7235A /* TaxRateVC.swift */; };
/* End PBXBuildFile section */

/* Begin PBXFileReference section */
		34BEF6021C5C84B300E7235A /* MemoryCalculator.app */ = {isa = PBXFileReference; explicitFileType = wrapper.application; includeInIndex = 0; path = MemoryCalculator.app; sourceTree = BUILT_PRODUCTS_DIR; };
		34BEF6051C5C84B300E7235A /* AppDelegate.swift */ = {isa = PBXFileReference; lastKnownFileType = sourcecode.swift; path = AppDelegate.swift; sourceTree = "<group>"; };
		34BEF6071C5C84B300E7235A /* CalcVC.swift */ = {isa = PBXFileReference; lastKnownFileType = sourcecode.swift; path = CalcVC.swift; sourceTree = "<group>"; };
		34BEF60A1C5C84B300E7235A /* Base */ = {isa = PBXFileReference; lastKnownFileType = file.storyboard; name = Base; path = Base.lproj/Main.storyboard; sourceTree = "<group>"; };
		34BEF60C1C5C84B300E7235A /* Assets.xcassets */ = {isa = PBXFileReference; lastKnownFileType = folder.assetcatalog; path = Assets.xcassets; sourceTree = "<group>"; };
		34BEF60F1C5C84B300E7235A /* Base */ = {isa = PBXFileReference; lastKnownFileType = file.storyboard; name = Base; path = Base.lproj/LaunchScreen.storyboard; sourceTree = "<group>"; };
		34BEF6111C5C84B300E7235A /* Info.plist */ = {isa = PBXFileReference; lastKnownFileType = text.plist.xml; path = Info.plist; sourceTree = "<group>"; };
		34BEF6171C5C8C0500E7235A /* TaxRateVC.swift */ = {isa = PBXFileReference; fileEncoding = 4; lastKnownFileType = sourcecode.swift; path = TaxRateVC.swift; sourceTree = "<group>"; };
/* End PBXFileReference section */

/* Begin PBXFrameworksBuildPhase section */
		34BEF5FF1C5C84B300E7235A /* Frameworks */ = {
			isa = PBXFrameworksBuildPhase;
			buildActionMask = 2147483647;
			files = (
			);
			runOnlyForDeploymentPostprocessing = 0;
		};
/* End PBXFrameworksBuildPhase section */

/* Begin PBXGroup section */
		34BEF5F91C5C84B300E7235A = {
			isa = PBXGroup;
			children = (
				34BEF6041C5C84B300E7235A /* MemoryCalculator */,
				34BEF6031C5C84B300E7235A /* Products */,
			);
			sourceTree = "<group>";
		};
		34BEF6031C5C84B300E7235A /* Products */ = {
			isa = PBXGroup;
			children = (
				34BEF6021C5C84B300E7235A /* MemoryCalculator.app */,
			);
			name = Products;
			sourceTree = "<group>";
		};
		34BEF6041C5C84B300E7235A /* MemoryCalculator */ = {
			isa = PBXGroup;
			children = (
				34BEF6051C5C84B300E7235A /* AppDelegate.swift */,
				34BEF6071C5C84B300E7235A /* CalcVC.swift */,
				34BEF6171C5C8C0500E7235A /* TaxRateVC.swift */,
				34BEF6091C5C84B300E7235A /* Main.storyboard */,
				34BEF60C1C5C84B300E7235A /* Assets.xcassets */,
				34BEF60E1C5C84B300E7235A /* LaunchScreen.storyboard */,
				34BEF6111C5C84B300E7235A /* Info.plist */,
			);
			path = MemoryCalculator;
			sourceTree = "<group>";
		};
/* End PBXGroup section */

/* Begin PBXNativeTarget section */
		34BEF6011C5C84B300E7235A /* MemoryCalculator */ = {
			isa = PBXNativeTarget;
			buildConfigurationList = 34BEF6141C5C84B300E7235A /* Build configuration list for PBXNativeTarget "MemoryCalculator" */;
			buildPhases = (
				34BEF5FE1C5C84B300E7235A /* Sources */,
				34BEF5FF1C5C84B300E7235A /* Frameworks */,
				34BEF6001C5C84B300E7235A /* Resources */,
			);
			buildRules = (
			);
			dependencies = (
			);
			name = MemoryCalculator;
			productName = MemoryCalculator;
			productReference = 34BEF6021C5C84B300E7235A /* MemoryCalculator.app */;
			productType = "com.apple.product-type.application";
		};
/* End PBXNativeTarget section */

/* Begin PBXProject section */
		34BEF5FA1C5C84B300E7235A /* Project object */ = {
			isa = PBXProject;
			attributes = {
				LastSwiftUpdateCheck = 0720;
				LastUpgradeCheck = 0720;
				ORGANIZATIONNAME = Simplilearn;
				TargetAttributes = {
					34BEF6011C5C84B300E7235A = {
						CreatedOnToolsVersion = 7.2;
						DevelopmentTeam = KPBA63QZ8D;
						LastSwiftMigration = 0830;
					};
				};
			};
			buildConfigurationList = 34BEF5FD1C5C84B300E7235A /* Build configuration list for PBXProject "MemoryCalculator" */;
			compatibilityVersion = "Xcode 3.2";
			developmentRegion = English;
			hasScannedForEncodings = 0;
			knownRegions = (
				en,
				Base,
			);
			mainGroup = 34BEF5F91C5C84B300E7235A;
			productRefGroup = 34BEF6031C5C84B300E7235A /* Products */;
			projectDirPath = "";
			projectRoot = "";
			targets = (
				34BEF6011C5C84B300E7235A /* MemoryCalculator */,
			);
		};
/* End PBXProject section */

/* Begin PBXResourcesBuildPhase section */
		34BEF6001C5C84B300E7235A /* Resources */ = {
			isa = PBXResourcesBuildPhase;
			buildActionMask = 2147483647;
			files = (
				34BEF6101C5C84B300E7235A /* LaunchScreen.storyboard in Resources */,
				34BEF60D1C5C84B300E7235A /* Assets.xcassets in Resources */,
				34BEF60B1C5C84B300E7235A /* Main.storyboard in Resources */,
			);
			runOnlyForDeploymentPostprocessing = 0;
		};
/* End PBXResourcesBuildPhase section */

/* Begin PBXSourcesBuildPhase section */
		34BEF5FE1C5C84B300E7235A /* Sources */ = {
			isa = PBXSourcesBuildPhase;
			buildActionMask = 2147483647;
			files = (
				34BEF6181C5C8C0500E7235A /* TaxRateVC.swift in Sources */,
				34BEF6081C5C84B300E7235A /* CalcVC.swift in Sources */,
				34BEF6061C5C84B300E7235A /* AppDelegate.swift in Sources */,
			);
			runOnlyForDeploymentPostprocessing = 0;
		};
/* End PBXSourcesBuildPhase section */

/* Begin PBXVariantGroup section */
		34BEF6091C5C84B300E7235A /* Main.storyboard */ = {
			isa = PBXVariantGroup;
			children = (
				34BEF60A1C5C84B300E7235A /* Base */,
			);
			name = Main.storyboard;
			sourceTree = "<group>";
		};
		34BEF60E1C5C84B300E7235A /* LaunchScreen.storyboard */ = {
			isa = PBXVariantGroup;
			children = (
				34BEF60F1C5C84B300E7235A /* Base */,
			);
			name = LaunchScreen.storyboard;
			sourceTree = "<group>";
		};
/* End PBXVariantGroup section */

/* Begin XCBuildConfiguration section */
		34BEF6121C5C84B300E7235A /* Debug */ = {
			isa = XCBuildConfiguration;
			buildSettings = {
				ALWAYS_SEARCH_USER_PATHS = NO;
				CLANG_CXX_LANGUAGE_STANDARD = "gnu++0x";
				CLANG_CXX_LIBRARY = "libc++";
				CLANG_ENABLE_MODULES = YES;
				CLANG_ENABLE_OBJC_ARC = YES;
				CLANG_WARN_BOOL_CONVERSION = YES;
				CLANG_WARN_CONSTANT_CONVERSION = YES;
				CLANG_WARN_DIRECT_OBJC_ISA_USAGE = YES_ERROR;
				CLANG_WARN_EMPTY_BODY = YES;
				CLANG_WARN_ENUM_CONVERSION = YES;
				CLANG_WARN_INT_CONVERSION = YES;
				CLANG_WARN_OBJC_ROOT_CLASS = YES_ERROR;
				CLANG_WARN_UNREACHABLE_CODE = YES;
				CLANG_WARN__DUPLICATE_METHOD_MATCH = YES;
				"CODE_SIGN_IDENTITY[sdk=iphoneos*]" = "iPhone Developer";
				COPY_PHASE_STRIP = NO;
				DEBUG_INFORMATION_FORMAT = dwarf;
				ENABLE_STRICT_OBJC_MSGSEND = YES;
				ENABLE_TESTABILITY = YES;
				GCC_C_LANGUAGE_STANDARD = gnu99;
				GCC_DYNAMIC_NO_PIC = NO;
				GCC_NO_COMMON_BLOCKS = YES;
				GCC_OPTIMIZATION_LEVEL = 0;
				GCC_PREPROCESSOR_DEFINITIONS = (
					"DEBUG=1",
					"$(inherited)",
				);
				GCC_WARN_64_TO_32_BIT_CONVERSION = YES;
				GCC_WARN_ABOUT_RETURN_TYPE = YES_ERROR;
				GCC_WARN_UNDECLARED_SELECTOR = YES;
				GCC_WARN_UNINITIALIZED_AUTOS = YES_AGGRESSIVE;
				GCC_WARN_UNUSED_FUNCTION = YES;
				GCC_WARN_UNUSED_VARIABLE = YES;
				IPHONEOS_DEPLOYMENT_TARGET = 9.2;
				MTL_ENABLE_DEBUG_INFO = YES;
				ONLY_ACTIVE_ARCH = YES;
				SDKROOT = iphoneos;
				SWIFT_OPTIMIZATION_LEVEL = "-Onone";
				TARGETED_DEVICE_FAMILY = "1,2";
			};
			name = Debug;
		};
		34BEF6131C5C84B300E7235A /* Release */ = {
			isa = XCBuildConfiguration;
			buildSettings = {
				ALWAYS_SEARCH_USER_PATHS = NO;
				CLANG_CXX_LANGUAGE_STANDARD = "gnu++0x";
				CLANG_CXX_LIBRARY = "libc++";
				CLANG_ENABLE_MODULES = YES;
				CLANG_ENABLE_OBJC_ARC = YES;
				CLANG_WARN_BOOL_CONVERSION = YES;
				CLANG_WARN_CONSTANT_CONVERSION = YES;
				CLANG_WARN_DIRECT_OBJC_ISA_USAGE = YES_ERROR;
				CLANG_WARN_EMPTY_BODY = YES;
				CLANG_WARN_ENUM_CONVERSION = YES;
				CLANG_WARN_INT_CONVERSION = YES;
				CLANG_WARN_OBJC_ROOT_CLASS = YES_ERROR;
				CLANG_WARN_UNREACHABLE_CODE = YES;
				CLANG_WARN__DUPLICATE_METHOD_MATCH = YES;
				"CODE_SIGN_IDENTITY[sdk=iphoneos*]" = "iPhone Developer";
				COPY_PHASE_STRIP = NO;
				DEBUG_INFORMATION_FORMAT = "dwarf-with-dsym";
				ENABLE_NS_ASSERTIONS = NO;
				ENABLE_STRICT_OBJC_MSGSEND = YES;
				GCC_C_LANGUAGE_STANDARD = gnu99;
				GCC_NO_COMMON_BLOCKS = YES;
				GCC_WARN_64_TO_32_BIT_CONVERSION = YES;
				GCC_WARN_ABOUT_RETURN_TYPE = YES_ERROR;
				GCC_WARN_UNDECLARED_SELECTOR = YES;
				GCC_WARN_UNINITIALIZED_AUTOS = YES_AGGRESSIVE;
				GCC_WARN_UNUSED_FUNCTION = YES;
				GCC_WARN_UNUSED_VARIABLE = YES;
				IPHONEOS_DEPLOYMENT_TARGET = 9.2;
				MTL_ENABLE_DEBUG_INFO = NO;
				SDKROOT = iphoneos;
				TARGETED_DEVICE_FAMILY = "1,2";
				VALIDATE_PRODUCT = YES;
			};
			name = Release;
		};
		34BEF6151C5C84B300E7235A /* Debug */ = {
			isa = XCBuildConfiguration;
			buildSettings = {
				ASSETCATALOG_COMPILER_APPICON_NAME = AppIcon;
				CODE_SIGN_IDENTITY = "iPhone Developer";
				INFOPLIST_FILE = MemoryCalculator/Info.plist;
				LD_RUNPATH_SEARCH_PATHS = "$(inherited) @executable_path/Frameworks";
				PRODUCT_BUNDLE_IDENTIFIER = com.xbsjason.MemoryCalculator;
				PRODUCT_NAME = "$(TARGET_NAME)";
				SWIFT_VERSION = 3.0;
			};
			name = Debug;
		};
		34BEF6161C5C84B300E7235A /* Release */ = {
			isa = XCBuildConfiguration;
			buildSettings = {
				ASSETCATALOG_COMPILER_APPICON_NAME = AppIcon;
				CODE_SIGN_IDENTITY = "iPhone Developer";
				INFOPLIST_FILE = MemoryCalculator/Info.plist;
				LD_RUNPATH_SEARCH_PATHS = "$(inherited) @executable_path/Frameworks";
				PRODUCT_BUNDLE_IDENTIFIER = com.xbsjason.MemoryCalculator;
				PRODUCT_NAME = "$(TARGET_NAME)";
				SWIFT_VERSION = 3.0;
			};
			name = Release;
		};
/* End XCBuildConfiguration section */

/* Begin XCConfigurationList section */
		34BEF5FD1C5C84B300E7235A /* Build configuration list for PBXProject "MemoryCalculator" */ = {
			isa = XCConfigurationList;
			buildConfigurations = (
				34BEF6121C5C84B300E7235A /* Debug */,
				34BEF6131C5C84B300E7235A /* Release */,
			);
			defaultConfigurationIsVisible = 0;
			defaultConfigurationName = Release;
		};
		34BEF6141C5C84B300E7235A /* Build configuration list for PBXNativeTarget "MemoryCalculator" */ = {
			isa = XCConfigurationList;
			buildConfigurations = (
				34BEF6151C5C84B300E7235A /* Debug */,
				34BEF6161C5C84B300E7235A /* Release */,
			);
			defaultConfigurationIsVisible = 0;
			defaultConfigurationName = Release;
		};
/* End XCConfigurationList section */
	};
	rootObject = 34BEF5FA1C5C84B300E7235A /* Project object */;
}
